# This file is automatically @generated by Cargo.
# It is not intended for manual editing.
[[package]]
name = "analysis"
version = "0.1.0"
dependencies = [
 "hir",
 "lex",
 "lower",
 "parse",
 "rustc-hash",
 "statics",
 "std-lib",
 "syntax",
 "topo-sort",
]

[[package]]
name = "autocfg"
version = "1.0.1"
source = "registry+https://github.com/rust-lang/crates.io-index"
checksum = "cdb031dd78e28731d87d56cc8ffef4a8f36ca26c38fe2de700543e627f8a464a"

[[package]]
name = "cli"
version = "0.1.0"
dependencies = [
 "analysis",
 "gumdrop",
]

[[package]]
name = "countme"
version = "2.0.4"
source = "registry+https://github.com/rust-lang/crates.io-index"
checksum = "328b822bdcba4d4e402be8d9adb6eebf269f969f8eadef977a553ff3c4fbcb58"

[[package]]
name = "drop_bomb"
version = "0.1.5"
source = "registry+https://github.com/rust-lang/crates.io-index"
checksum = "9bda8e21c04aca2ae33ffc2fd8c23134f3cac46db123ba97bd9d3f3b8a4a85e1"

[[package]]
name = "event-parse"
version = "0.1.0"
dependencies = [
 "drop_bomb",
]

[[package]]
name = "gumdrop"
version = "0.8.0"
source = "registry+https://github.com/rust-lang/crates.io-index"
checksum = "46571f5d540478cf70d2a42dd0d6d8e9f4b9cc7531544b93311e657b86568a0b"
dependencies = [
 "gumdrop_derive",
]

[[package]]
name = "gumdrop_derive"
version = "0.8.0"
source = "registry+https://github.com/rust-lang/crates.io-index"
checksum = "915ef07c710d84733522461de2a734d4d62a3fd39a4d4f404c2f385ef8618d05"
dependencies = [
 "proc-macro2",
 "quote",
 "syn",
]

[[package]]
name = "hashbrown"
version = "0.9.1"
source = "registry+https://github.com/rust-lang/crates.io-index"
checksum = "d7afe4a420e3fe79967a00898cc1f4db7c8a49a9333a29f8a4bd76a253d5cd04"

[[package]]
name = "hir"
version = "0.1.0"
dependencies = [
 "la-arena",
 "smol_str",
]

[[package]]
name = "identifier-case"
version = "0.1.0"

[[package]]
name = "la-arena"
version = "0.2.0"
source = "registry+https://github.com/rust-lang/crates.io-index"
checksum = "1ac64f89246d9a501a6e713cec4cfd64757a4ae24c20520c8cfe643007338ecf"

[[package]]
name = "lex"
version = "0.1.0"
dependencies = [
 "syntax",
]

[[package]]
name = "lower"
version = "0.1.0"
dependencies = [
 "hir",
 "rustc-hash",
 "syntax",
 "unwrap-or",
]

[[package]]
name = "maplit"
version = "1.0.2"
source = "registry+https://github.com/rust-lang/crates.io-index"
checksum = "3e2e65a1a2e43cfcb47a895c4c8b10d1f4a61097f9f254f183aee60cad9c651d"

[[package]]
name = "memoffset"
version = "0.6.1"
source = "registry+https://github.com/rust-lang/crates.io-index"
checksum = "157b4208e3059a8f9e78d559edc658e13df41410cb3ae03979c83130067fdd87"
dependencies = [
 "autocfg",
]

[[package]]
name = "parse"
version = "0.1.0"
dependencies = [
 "syntax",
]

[[package]]
name = "proc-macro2"
version = "1.0.24"
source = "registry+https://github.com/rust-lang/crates.io-index"
checksum = "1e0704ee1a7e00d7bb417d0770ea303c1bccbabf0ef1667dae92b5967f5f8a71"
dependencies = [
 "unicode-xid",
]

[[package]]
name = "quote"
version = "1.0.8"
source = "registry+https://github.com/rust-lang/crates.io-index"
checksum = "991431c3519a3f36861882da93630ce66b52918dcf1b8e2fd66b397fc96f28df"
dependencies = [
 "proc-macro2",
]

[[package]]
name = "rowan"
version = "0.12.5"
source = "registry+https://github.com/rust-lang/crates.io-index"
checksum = "e29b035c9f476b43074a36257464c487788a0a1b9aaf427b068dc147135eb1ab"
dependencies = [
 "countme",
 "hashbrown",
 "memoffset",
 "rustc-hash",
 "text-size",
]

[[package]]
name = "rustc-hash"
version = "1.1.0"
source = "registry+https://github.com/rust-lang/crates.io-index"
checksum = "08d43f7aa6b08d49f382cde6a7982047c3426db949b1424bc4b7ec9ae12c6ce2"

[[package]]
name = "smol_str"
version = "0.1.17"
source = "registry+https://github.com/rust-lang/crates.io-index"
checksum = "6ca0f7ce3a29234210f0f4f0b56f8be2e722488b95cb522077943212da3b32eb"

[[package]]
name = "statics"
version = "0.1.0"
dependencies = [
 "hir",
 "rustc-hash",
]

[[package]]
name = "std-lib"
version = "0.1.0"
dependencies = [
 "lex",
 "lower",
 "parse",
 "statics",
]

[[package]]
name = "syn"
version = "1.0.60"
source = "registry+https://github.com/rust-lang/crates.io-index"
checksum = "c700597eca8a5a762beb35753ef6b94df201c81cca676604f547495a0d7f0081"
dependencies = [
 "proc-macro2",
 "quote",
 "unicode-xid",
]

[[package]]
name = "syntax"
version = "0.1.0"
dependencies = [
 "event-parse",
 "rowan",
 "syntax-gen",
]

[[package]]
name = "syntax-gen"
version = "0.1.0"
dependencies = [
 "identifier-case",
 "proc-macro2",
 "quote",
 "rustc-hash",
 "ungrammar",
]

[[package]]
name = "tests"
version = "0.1.0"
dependencies = [
 "analysis",
]

[[package]]
name = "text-size"
version = "1.1.0"
source = "registry+https://github.com/rust-lang/crates.io-index"
checksum = "288cb548dbe72b652243ea797201f3d481a0609a967980fcc5b2315ea811560a"

[[package]]
name = "topo-sort"
version = "0.1.0"
dependencies = [
 "maplit",
]

[[package]]
name = "ungrammar"
version = "1.11.0"
source = "registry+https://github.com/rust-lang/crates.io-index"
checksum = "84c629795d377049f2a1dc5f42cf505dc5ba8b28a5df0a03f4183a24480e4a6a"

[[package]]
name = "unicode-xid"
version = "0.2.1"
source = "registry+https://github.com/rust-lang/crates.io-index"
checksum = "f7fe0bb3479651439c9112f72b6c505038574c9fbb575ed1bf3b797fa39dd564"

[[package]]
name = "unwrap-or"
version = "0.1.0"
