# This file is automatically @generated by Cargo.
# It is not intended for manual editing.
[[package]]
name = "autocfg"
version = "1.0.1"
source = "registry+https://github.com/rust-lang/crates.io-index"
checksum = "cdb031dd78e28731d87d56cc8ffef4a8f36ca26c38fe2de700543e627f8a464a"

[[package]]
name = "countme"
version = "2.0.1"
source = "registry+https://github.com/rust-lang/crates.io-index"
checksum = "1aa2b26822354da8572983762d79a7ba55981b3fbbc612164a0dbbd0213df7fe"

[[package]]
name = "drop_bomb"
version = "0.1.5"
source = "registry+https://github.com/rust-lang/crates.io-index"
checksum = "9bda8e21c04aca2ae33ffc2fd8c23134f3cac46db123ba97bd9d3f3b8a4a85e1"

[[package]]
name = "event-parse"
version = "0.1.0"
dependencies = [
 "drop_bomb",
]

[[package]]
name = "hashbrown"
version = "0.9.1"
source = "registry+https://github.com/rust-lang/crates.io-index"
checksum = "d7afe4a420e3fe79967a00898cc1f4db7c8a49a9333a29f8a4bd76a253d5cd04"

[[package]]
name = "lex"
version = "0.1.0"
dependencies = [
 "syntax",
]

[[package]]
name = "memoffset"
version = "0.6.1"
source = "registry+https://github.com/rust-lang/crates.io-index"
checksum = "157b4208e3059a8f9e78d559edc658e13df41410cb3ae03979c83130067fdd87"
dependencies = [
 "autocfg",
]

[[package]]
name = "parse"
version = "0.1.0"
dependencies = [
 "syntax",
]

[[package]]
name = "proc-macro2"
version = "1.0.24"
source = "registry+https://github.com/rust-lang/crates.io-index"
checksum = "1e0704ee1a7e00d7bb417d0770ea303c1bccbabf0ef1667dae92b5967f5f8a71"
dependencies = [
 "unicode-xid",
]

[[package]]
name = "quote"
version = "1.0.8"
source = "registry+https://github.com/rust-lang/crates.io-index"
checksum = "991431c3519a3f36861882da93630ce66b52918dcf1b8e2fd66b397fc96f28df"
dependencies = [
 "proc-macro2",
]

[[package]]
name = "rowan"
version = "0.12.2"
source = "registry+https://github.com/rust-lang/crates.io-index"
checksum = "5e05df24c035422fb2b845d66ef3542d6c4f8572eafe077175a30787b0254207"
dependencies = [
 "countme",
 "hashbrown",
 "memoffset",
 "rustc-hash",
 "text-size",
]

[[package]]
name = "rustc-hash"
version = "1.1.0"
source = "registry+https://github.com/rust-lang/crates.io-index"
checksum = "08d43f7aa6b08d49f382cde6a7982047c3426db949b1424bc4b7ec9ae12c6ce2"

[[package]]
name = "statics"
version = "0.1.0"
dependencies = [
 "syntax",
]

[[package]]
name = "syntax"
version = "0.1.0"
dependencies = [
 "event-parse",
 "rowan",
 "syntax-gen",
]

[[package]]
name = "syntax-gen"
version = "0.1.0"
dependencies = [
 "proc-macro2",
 "quote",
 "ungrammar",
]

[[package]]
name = "text-size"
version = "1.1.0"
source = "registry+https://github.com/rust-lang/crates.io-index"
checksum = "288cb548dbe72b652243ea797201f3d481a0609a967980fcc5b2315ea811560a"

[[package]]
name = "ungrammar"
version = "1.10.0"
source = "registry+https://github.com/rust-lang/crates.io-index"
checksum = "ce24866975a8858d3a35eba845efc6b42962c5067afd2bc1a07b9ce0108d335c"

[[package]]
name = "unicode-xid"
version = "0.2.1"
source = "registry+https://github.com/rust-lang/crates.io-index"
checksum = "f7fe0bb3479651439c9112f72b6c505038574c9fbb575ed1bf3b797fa39dd564"
