# This file is automatically @generated by Cargo.
# It is not intended for manual editing.
[[package]]
name = "analysis"
version = "0.1.0"
dependencies = [
 "hir",
 "lex",
 "lower",
 "parse",
 "rustc-hash",
 "statics-neue",
 "syntax",
 "topo-sort",
]

[[package]]
name = "autocfg"
version = "1.0.1"
source = "registry+https://github.com/rust-lang/crates.io-index"
checksum = "cdb031dd78e28731d87d56cc8ffef4a8f36ca26c38fe2de700543e627f8a464a"

[[package]]
name = "cli"
version = "0.1.0"
dependencies = [
 "codespan-reporting",
 "gumdrop",
 "lex",
 "parse",
 "statics",
 "syntax",
]

[[package]]
name = "codespan-reporting"
version = "0.11.0"
source = "registry+https://github.com/rust-lang/crates.io-index"
checksum = "c6ce42b8998a383572e0a802d859b1f00c79b7b7474e62fff88ee5c2845d9c13"
dependencies = [
 "termcolor",
 "unicode-width",
]

[[package]]
name = "countme"
version = "2.0.1"
source = "registry+https://github.com/rust-lang/crates.io-index"
checksum = "1aa2b26822354da8572983762d79a7ba55981b3fbbc612164a0dbbd0213df7fe"

[[package]]
name = "drop_bomb"
version = "0.1.5"
source = "registry+https://github.com/rust-lang/crates.io-index"
checksum = "9bda8e21c04aca2ae33ffc2fd8c23134f3cac46db123ba97bd9d3f3b8a4a85e1"

[[package]]
name = "event-parse"
version = "0.1.0"
dependencies = [
 "drop_bomb",
]

[[package]]
name = "gumdrop"
version = "0.8.0"
source = "registry+https://github.com/rust-lang/crates.io-index"
checksum = "46571f5d540478cf70d2a42dd0d6d8e9f4b9cc7531544b93311e657b86568a0b"
dependencies = [
 "gumdrop_derive",
]

[[package]]
name = "gumdrop_derive"
version = "0.8.0"
source = "registry+https://github.com/rust-lang/crates.io-index"
checksum = "915ef07c710d84733522461de2a734d4d62a3fd39a4d4f404c2f385ef8618d05"
dependencies = [
 "proc-macro2",
 "quote",
 "syn",
]

[[package]]
name = "hashbrown"
version = "0.9.1"
source = "registry+https://github.com/rust-lang/crates.io-index"
checksum = "d7afe4a420e3fe79967a00898cc1f4db7c8a49a9333a29f8a4bd76a253d5cd04"

[[package]]
name = "hir"
version = "0.1.0"
dependencies = [
 "la-arena",
 "smol_str",
]

[[package]]
name = "identifier-case"
version = "0.1.0"

[[package]]
name = "la-arena"
version = "0.2.0"
source = "registry+https://github.com/rust-lang/crates.io-index"
checksum = "1ac64f89246d9a501a6e713cec4cfd64757a4ae24c20520c8cfe643007338ecf"

[[package]]
name = "lex"
version = "0.1.0"
dependencies = [
 "syntax",
]

[[package]]
name = "lower"
version = "0.1.0"
dependencies = [
 "hir",
 "rustc-hash",
 "syntax",
 "unwrap-or",
]

[[package]]
name = "maplit"
version = "1.0.2"
source = "registry+https://github.com/rust-lang/crates.io-index"
checksum = "3e2e65a1a2e43cfcb47a895c4c8b10d1f4a61097f9f254f183aee60cad9c651d"

[[package]]
name = "memoffset"
version = "0.6.1"
source = "registry+https://github.com/rust-lang/crates.io-index"
checksum = "157b4208e3059a8f9e78d559edc658e13df41410cb3ae03979c83130067fdd87"
dependencies = [
 "autocfg",
]

[[package]]
name = "parse"
version = "0.1.0"
dependencies = [
 "syntax",
]

[[package]]
name = "proc-macro2"
version = "1.0.24"
source = "registry+https://github.com/rust-lang/crates.io-index"
checksum = "1e0704ee1a7e00d7bb417d0770ea303c1bccbabf0ef1667dae92b5967f5f8a71"
dependencies = [
 "unicode-xid",
]

[[package]]
name = "quote"
version = "1.0.8"
source = "registry+https://github.com/rust-lang/crates.io-index"
checksum = "991431c3519a3f36861882da93630ce66b52918dcf1b8e2fd66b397fc96f28df"
dependencies = [
 "proc-macro2",
]

[[package]]
name = "rowan"
version = "0.12.2"
source = "registry+https://github.com/rust-lang/crates.io-index"
checksum = "5e05df24c035422fb2b845d66ef3542d6c4f8572eafe077175a30787b0254207"
dependencies = [
 "countme",
 "hashbrown",
 "memoffset",
 "rustc-hash",
 "text-size",
]

[[package]]
name = "rustc-hash"
version = "1.1.0"
source = "registry+https://github.com/rust-lang/crates.io-index"
checksum = "08d43f7aa6b08d49f382cde6a7982047c3426db949b1424bc4b7ec9ae12c6ce2"

[[package]]
name = "smol_str"
version = "0.1.17"
source = "registry+https://github.com/rust-lang/crates.io-index"
checksum = "6ca0f7ce3a29234210f0f4f0b56f8be2e722488b95cb522077943212da3b32eb"

[[package]]
name = "statics"
version = "0.1.0"
dependencies = [
 "rustc-hash",
 "syntax",
 "unwrap-or",
]

[[package]]
name = "statics-neue"
version = "0.1.0"
dependencies = [
 "hir",
 "rustc-hash",
]

[[package]]
name = "syn"
version = "1.0.60"
source = "registry+https://github.com/rust-lang/crates.io-index"
checksum = "c700597eca8a5a762beb35753ef6b94df201c81cca676604f547495a0d7f0081"
dependencies = [
 "proc-macro2",
 "quote",
 "unicode-xid",
]

[[package]]
name = "syntax"
version = "0.1.0"
dependencies = [
 "event-parse",
 "rowan",
 "syntax-gen",
]

[[package]]
name = "syntax-gen"
version = "0.1.0"
dependencies = [
 "identifier-case",
 "proc-macro2",
 "quote",
 "rustc-hash",
 "ungrammar",
]

[[package]]
name = "termcolor"
version = "1.1.2"
source = "registry+https://github.com/rust-lang/crates.io-index"
checksum = "2dfed899f0eb03f32ee8c6a0aabdb8a7949659e3466561fc0adf54e26d88c5f4"
dependencies = [
 "winapi-util",
]

[[package]]
name = "text-size"
version = "1.1.0"
source = "registry+https://github.com/rust-lang/crates.io-index"
checksum = "288cb548dbe72b652243ea797201f3d481a0609a967980fcc5b2315ea811560a"

[[package]]
name = "topo-sort"
version = "0.1.0"
dependencies = [
 "maplit",
]

[[package]]
name = "ungrammar"
version = "1.10.0"
source = "registry+https://github.com/rust-lang/crates.io-index"
checksum = "ce24866975a8858d3a35eba845efc6b42962c5067afd2bc1a07b9ce0108d335c"

[[package]]
name = "unicode-width"
version = "0.1.8"
source = "registry+https://github.com/rust-lang/crates.io-index"
checksum = "9337591893a19b88d8d87f2cec1e73fad5cdfd10e5a6f349f498ad6ea2ffb1e3"

[[package]]
name = "unicode-xid"
version = "0.2.1"
source = "registry+https://github.com/rust-lang/crates.io-index"
checksum = "f7fe0bb3479651439c9112f72b6c505038574c9fbb575ed1bf3b797fa39dd564"

[[package]]
name = "unwrap-or"
version = "0.1.0"

[[package]]
name = "winapi"
version = "0.3.9"
source = "registry+https://github.com/rust-lang/crates.io-index"
checksum = "5c839a674fcd7a98952e593242ea400abe93992746761e38641405d28b00f419"
dependencies = [
 "winapi-i686-pc-windows-gnu",
 "winapi-x86_64-pc-windows-gnu",
]

[[package]]
name = "winapi-i686-pc-windows-gnu"
version = "0.4.0"
source = "registry+https://github.com/rust-lang/crates.io-index"
checksum = "ac3b87c63620426dd9b991e5ce0329eff545bccbbb34f3be09ff6fb6ab51b7b6"

[[package]]
name = "winapi-util"
version = "0.1.5"
source = "registry+https://github.com/rust-lang/crates.io-index"
checksum = "70ec6ce85bb158151cae5e5c87f95a8e97d2c0c4b001223f33a334e3ce5de178"
dependencies = [
 "winapi",
]

[[package]]
name = "winapi-x86_64-pc-windows-gnu"
version = "0.4.0"
source = "registry+https://github.com/rust-lang/crates.io-index"
checksum = "712e227841d057c1ee1cd2fb22fa7e5a5461ae8e48fa2ca79ec42cfc1931183f"
